
Microsoft Visual Studio Solution File, Format Version 12.00
# Visual Studio Version 17
VisualStudioVersion = 17.0.32126.317
MinimumVisualStudioVersion = 10.0.40219.1
Project("{FAE04EC0-301F-11D3-BF4B-00C04F79EFBC}") = "Gyakorlat9", "Gyakorlat9\Gyakorlat9.csproj", "{DDF5EA13-6201-4B43-ACF7-4058A36BE203}"
EndProject
Global
	GlobalSection(SolutionConfigurationPlatforms) = preSolution
		Debug|Any CPU = Debug|Any CPU
		Release|Any CPU = Release|Any CPU
	EndGlobalSection
	GlobalSection(ProjectConfigurationPlatforms) = postSolution
		{DDF5EA13-6201-4B43-ACF7-4058A36BE203}.Debug|Any CPU.ActiveCfg = Debug|Any CPU
		{DDF5EA13-6201-4B43-ACF7-4058A36BE203}.Debug|Any CPU.Build.0 = Debug|Any CPU
		{DDF5EA13-6201-4B43-ACF7-4058A36BE203}.Release|Any CPU.ActiveCfg = Release|Any CPU
		{DDF5EA13-6201-4B43-ACF7-4058A36BE203}.Release|Any CPU.Build.0 = Release|Any CPU
	EndGlobalSection
	GlobalSection(SolutionProperties) = preSolution
		HideSolutionNode = FALSE
	EndGlobalSection
	GlobalSection(ExtensibilityGlobals) = postSolution
		SolutionGuid = {8F60E30B-8BBD-47F4-8689-6E19BC74090A}
	EndGlobalSection
EndGlobal
